# Generated by move; do not edit
# This file should be checked in.

[move]
version = 3
manifest_digest = "890FD8C2D8310F6F0B9C1CF41C2155574E5C643E17592091220383940385FAA1"
deps_digest = "F8BBB0CCB2491CA29A3DF03D6F92277A4F3574266507ACD77214D37ECA3F3082"
dependencies = [
  { id = "One", name = "One" },
]

[[move.package]]
id = "MoveStdlib"
source = { local = "/Users/limjiale/.move/https___github_com_one-chain-labs_onechain_git_main/crates/sui-framework/packages/move-stdlib" }

[[move.package]]
id = "One"
source = { local = "/Users/limjiale/.move/https___github_com_one-chain-labs_onechain_git_main/crates/sui-framework/packages/one-framework" }

dependencies = [
  { id = "MoveStdlib", name = "MoveStdlib" },
]

[pinned.testnet.MoveStdlib]
source = { git = "https://github.com/MystenLabs/sui.git", subdir = "crates/sui-framework/packages/move-stdlib", rev = "16bf4d124ac5d9fbe9314552d02cfdf55e30d377" }
use_environment = "testnet"
manifest_digest = "C4FE4C91DE74CBF223B2E380AE40F592177D21870DC2D7EB6227D2D694E05363"
deps = {}

[pinned.testnet.QuoteGuardEscrow]
source = { root = true }
use_environment = "testnet"
manifest_digest = "0532D72C4F42A4472D331C54E2F8FB1595A305815D58568D26C6F8A4AC9BBFCE"
deps = { Sui = "Sui" }

[pinned.testnet.Sui]
source = { git = "https://github.com/MystenLabs/sui.git", subdir = "crates/sui-framework/packages/sui-framework", rev = "16bf4d124ac5d9fbe9314552d02cfdf55e30d377" }
use_environment = "testnet"
manifest_digest = "7AFB66695545775FBFBB2D3078ADFD084244D5002392E837FDE21D9EA1C6D01C"
deps = { MoveStdlib = "MoveStdlib" }
